
Microsoft Visual Studio Solution File, Format Version 12.00
# Visual Studio Version 17
VisualStudioVersion = 17.8.34330.188
MinimumVisualStudioVersion = 10.0.40219.1
Project("{FAE04EC0-301F-11D3-BF4B-00C04F79EFBC}") = "Lazy.DbAccessLayers.Core", "Lazy.DbAccessLayers.Core\Lazy.DbAccessLayers.Core.csproj", "{AFE105A2-3678-44E8-939C-3B90E576AD68}"
EndProject
Project("{FAE04EC0-301F-11D3-BF4B-00C04F79EFBC}") = "Lazy.DbAccessLayers.Injections", "Lazy.DbAccessLayers.Injections\Lazy.DbAccessLayers.Injections.csproj", "{2C812106-152F-4CE5-A455-650E292B8B1A}"
EndProject
Project("{FAE04EC0-301F-11D3-BF4B-00C04F79EFBC}") = "Lazy.DbAccessLayers.ConsoleApp", "Lazy.DbAccessLayers.ConsoleApp\Lazy.DbAccessLayers.ConsoleApp.csproj", "{CA983E5A-2DF9-4C8D-BFB7-DB30B1550E33}"
EndProject
Global
	GlobalSection(SolutionConfigurationPlatforms) = preSolution
		Debug|Any CPU = Debug|Any CPU
		Release|Any CPU = Release|Any CPU
	EndGlobalSection
	GlobalSection(ProjectConfigurationPlatforms) = postSolution
		{AFE105A2-3678-44E8-939C-3B90E576AD68}.Debug|Any CPU.ActiveCfg = Debug|Any CPU
		{AFE105A2-3678-44E8-939C-3B90E576AD68}.Debug|Any CPU.Build.0 = Debug|Any CPU
		{AFE105A2-3678-44E8-939C-3B90E576AD68}.Release|Any CPU.ActiveCfg = Release|Any CPU
		{AFE105A2-3678-44E8-939C-3B90E576AD68}.Release|Any CPU.Build.0 = Release|Any CPU
		{2C812106-152F-4CE5-A455-650E292B8B1A}.Debug|Any CPU.ActiveCfg = Debug|Any CPU
		{2C812106-152F-4CE5-A455-650E292B8B1A}.Debug|Any CPU.Build.0 = Debug|Any CPU
		{2C812106-152F-4CE5-A455-650E292B8B1A}.Release|Any CPU.ActiveCfg = Release|Any CPU
		{2C812106-152F-4CE5-A455-650E292B8B1A}.Release|Any CPU.Build.0 = Release|Any CPU
		{CA983E5A-2DF9-4C8D-BFB7-DB30B1550E33}.Debug|Any CPU.ActiveCfg = Debug|Any CPU
		{CA983E5A-2DF9-4C8D-BFB7-DB30B1550E33}.Debug|Any CPU.Build.0 = Debug|Any CPU
		{CA983E5A-2DF9-4C8D-BFB7-DB30B1550E33}.Release|Any CPU.ActiveCfg = Release|Any CPU
		{CA983E5A-2DF9-4C8D-BFB7-DB30B1550E33}.Release|Any CPU.Build.0 = Release|Any CPU
	EndGlobalSection
	GlobalSection(SolutionProperties) = preSolution
		HideSolutionNode = FALSE
	EndGlobalSection
	GlobalSection(ExtensibilityGlobals) = postSolution
		SolutionGuid = {B3AF373D-21E9-44D6-8EF7-2A520FB5BF74}
	EndGlobalSection
EndGlobal
